// !$*UTF8*$!
{
	archiveVersion = 1;
	classes = {
	};
	objectVersion = 51;
	objects = {

/* Begin PBXBuildFile section */
		73CF88C21ABD0329664F7CA2 /* Pods_HappySnappSwiftUI.framework in Frameworks */ = {isa = PBXBuildFile; fileRef = 5FF05C283CD6088ED95E5997 /* Pods_HappySnappSwiftUI.framework */; };
		98106F312534494100EDB106 /* Onboarding.swift in Sources */ = {isa = PBXBuildFile; fileRef = 98106F302534494100EDB106 /* Onboarding.swift */; };
		98106F342534586E00EDB106 /* OnboardingCardView.swift in Sources */ = {isa = PBXBuildFile; fileRef = 98106F332534586E00EDB106 /* OnboardingCardView.swift */; };
		98106F38253459D200EDB106 /* StartButtonView.swift in Sources */ = {isa = PBXBuildFile; fileRef = 98106F37253459D200EDB106 /* StartButtonView.swift */; };
		986A813F252F8B61005CBF04 /* SettingsRowView.swift in Sources */ = {isa = PBXBuildFile; fileRef = 986A813E252F8B61005CBF04 /* SettingsRowView.swift */; };
		986A8142252F8CEA005CBF04 /* SettingsLabelView.swift in Sources */ = {isa = PBXBuildFile; fileRef = 986A8141252F8CEA005CBF04 /* SettingsLabelView.swift */; };
		986A817F25311A8D005CBF04 /* ActivityView.swift in Sources */ = {isa = PBXBuildFile; fileRef = 986A817E25311A8D005CBF04 /* ActivityView.swift */; };
		986E765125689C49008531E8 /* MyImageView.swift in Sources */ = {isa = PBXBuildFile; fileRef = 986E765025689C49008531E8 /* MyImageView.swift */; };
		9888118D2553498000F14099 /* GoogleService-Info.plist in Resources */ = {isa = PBXBuildFile; fileRef = 9888118C2553498000F14099 /* GoogleService-Info.plist */; };
		988DCF8E252CEE73003F6766 /* HappySnappSwiftUIApp.swift in Sources */ = {isa = PBXBuildFile; fileRef = 988DCF8D252CEE73003F6766 /* HappySnappSwiftUIApp.swift */; };
		988DCF92252CEE74003F6766 /* Assets.xcassets in Resources */ = {isa = PBXBuildFile; fileRef = 988DCF91252CEE74003F6766 /* Assets.xcassets */; };
		988DCF95252CEE74003F6766 /* Preview Assets.xcassets in Resources */ = {isa = PBXBuildFile; fileRef = 988DCF94252CEE74003F6766 /* Preview Assets.xcassets */; };
		988DCFA0252D0EB1003F6766 /* BPchildfatty.ttf in Resources */ = {isa = PBXBuildFile; fileRef = 988DCF9F252D0EB1003F6766 /* BPchildfatty.ttf */; };
		988DCFC6252D1354003F6766 /* AppDelegate+Injection.swift in Sources */ = {isa = PBXBuildFile; fileRef = 988DCFC3252D1354003F6766 /* AppDelegate+Injection.swift */; };
		988DCFC7252D1354003F6766 /* AppDelegate.swift in Sources */ = {isa = PBXBuildFile; fileRef = 988DCFC4252D1354003F6766 /* AppDelegate.swift */; };
		988DCFF3252D15BB003F6766 /* AuthenticationService.swift in Sources */ = {isa = PBXBuildFile; fileRef = 988DCFCD252D15BB003F6766 /* AuthenticationService.swift */; };
		988DCFF4252D15BB003F6766 /* FavouritesView.swift in Sources */ = {isa = PBXBuildFile; fileRef = 988DCFCF252D15BB003F6766 /* FavouritesView.swift */; };
		988DCFF5252D15BB003F6766 /* SettingsView.swift in Sources */ = {isa = PBXBuildFile; fileRef = 988DCFD0252D15BB003F6766 /* SettingsView.swift */; };
		988DCFF6252D15BB003F6766 /* FooterView.swift in Sources */ = {isa = PBXBuildFile; fileRef = 988DCFD1252D15BB003F6766 /* FooterView.swift */; };
		988DCFF7252D15BB003F6766 /* SignInWithAppleButton.swift in Sources */ = {isa = PBXBuildFile; fileRef = 988DCFD2252D15BB003F6766 /* SignInWithAppleButton.swift */; };
		988DCFF8252D15BB003F6766 /* EmptyFavouritesListView.swift in Sources */ = {isa = PBXBuildFile; fileRef = 988DCFD3252D15BB003F6766 /* EmptyFavouritesListView.swift */; };
		988DCFF9252D15BB003F6766 /* SignInView.swift in Sources */ = {isa = PBXBuildFile; fileRef = 988DCFD4252D15BB003F6766 /* SignInView.swift */; };
		988DCFFA252D15BB003F6766 /* HeaderView.swift in Sources */ = {isa = PBXBuildFile; fileRef = 988DCFD5252D15BB003F6766 /* HeaderView.swift */; };
		988DCFFB252D15BB003F6766 /* SwipeView.swift in Sources */ = {isa = PBXBuildFile; fileRef = 988DCFD6252D15BB003F6766 /* SwipeView.swift */; };
		988DCFFC252D15BB003F6766 /* WebView.swift in Sources */ = {isa = PBXBuildFile; fileRef = 988DCFD7252D15BB003F6766 /* WebView.swift */; };
		988DCFFD252D15BB003F6766 /* AccountView.swift in Sources */ = {isa = PBXBuildFile; fileRef = 988DCFD8252D15BB003F6766 /* AccountView.swift */; };
		988DCFFE252D15BB003F6766 /* ArtistPageView.swift in Sources */ = {isa = PBXBuildFile; fileRef = 988DCFD9252D15BB003F6766 /* ArtistPageView.swift */; };
		988DCFFF252D15BB003F6766 /* SwipeCardView.swift in Sources */ = {isa = PBXBuildFile; fileRef = 988DCFDA252D15BB003F6766 /* SwipeCardView.swift */; };
		988DD000252D15BB003F6766 /* FavCardView.swift in Sources */ = {isa = PBXBuildFile; fileRef = 988DCFDB252D15BB003F6766 /* FavCardView.swift */; };
		988DD001252D15BB003F6766 /* MasterView.swift in Sources */ = {isa = PBXBuildFile; fileRef = 988DCFDC252D15BB003F6766 /* MasterView.swift */; };
		988DD002252D15BB003F6766 /* OnboardingView.swift in Sources */ = {isa = PBXBuildFile; fileRef = 988DCFDD252D15BB003F6766 /* OnboardingView.swift */; };
		988DD003252D15BB003F6766 /* CalibrateView.swift in Sources */ = {isa = PBXBuildFile; fileRef = 988DCFDE252D15BB003F6766 /* CalibrateView.swift */; };
		988DD004252D15BB003F6766 /* EnvironmentKeys.swift in Sources */ = {isa = PBXBuildFile; fileRef = 988DCFE0252D15BB003F6766 /* EnvironmentKeys.swift */; };
		988DD005252D15BB003F6766 /* Publisher+Assign.swift in Sources */ = {isa = PBXBuildFile; fileRef = 988DCFE1252D15BB003F6766 /* Publisher+Assign.swift */; };
		988DD006252D15BB003F6766 /* Picture.swift in Sources */ = {isa = PBXBuildFile; fileRef = 988DCFE3252D15BB003F6766 /* Picture.swift */; };
		988DD007252D15BB003F6766 /* Category.swift in Sources */ = {isa = PBXBuildFile; fileRef = 988DCFE4252D15BB003F6766 /* Category.swift */; };
		988DD008252D15BB003F6766 /* NetworkManager.swift in Sources */ = {isa = PBXBuildFile; fileRef = 988DCFE6252D15BB003F6766 /* NetworkManager.swift */; };
		988DD00A252D15BB003F6766 /* FavouritesRepository.swift in Sources */ = {isa = PBXBuildFile; fileRef = 988DCFE9252D15BB003F6766 /* FavouritesRepository.swift */; };
		988DD00B252D15BB003F6766 /* CategoryRepository.swift in Sources */ = {isa = PBXBuildFile; fileRef = 988DCFEA252D15BB003F6766 /* CategoryRepository.swift */; };
		988DD00C252D15BB003F6766 /* CategoryListViewModel.swift in Sources */ = {isa = PBXBuildFile; fileRef = 988DCFEC252D15BB003F6766 /* CategoryListViewModel.swift */; };
		988DD00D252D15BB003F6766 /* FavouritesListViewModel.swift in Sources */ = {isa = PBXBuildFile; fileRef = 988DCFED252D15BB003F6766 /* FavouritesListViewModel.swift */; };
		988DD00E252D15BB003F6766 /* AccountViewModel.swift in Sources */ = {isa = PBXBuildFile; fileRef = 988DCFEE252D15BB003F6766 /* AccountViewModel.swift */; };
		988DD00F252D15BB003F6766 /* CategoryCellViewModel.swift in Sources */ = {isa = PBXBuildFile; fileRef = 988DCFEF252D15BB003F6766 /* CategoryCellViewModel.swift */; };
		988DD010252D15BB003F6766 /* FavouritesCellViewModel.swift in Sources */ = {isa = PBXBuildFile; fileRef = 988DCFF0252D15BB003F6766 /* FavouritesCellViewModel.swift */; };
		988DD011252D15BB003F6766 /* HeaderComponent.swift in Sources */ = {isa = PBXBuildFile; fileRef = 988DCFF2252D15BB003F6766 /* HeaderComponent.swift */; };
		98A9ED4525605A4A003E5FEA /* Privacy.swift in Sources */ = {isa = PBXBuildFile; fileRef = 98A9ED4425605A4A003E5FEA /* Privacy.swift */; };
/* End PBXBuildFile section */

/* Begin PBXCopyFilesBuildPhase section */
		98106F792535F56F00EDB106 /* Embed Watch Content */ = {
			isa = PBXCopyFilesBuildPhase;
			buildActionMask = 2147483647;
			dstPath = "$(CONTENTS_FOLDER_PATH)/Watch";
			dstSubfolderSpec = 16;
			files = (
			);
			name = "Embed Watch Content";
			runOnlyForDeploymentPostprocessing = 0;
		};
/* End PBXCopyFilesBuildPhase section */

/* Begin PBXFileReference section */
		5FF05C283CD6088ED95E5997 /* Pods_HappySnappSwiftUI.framework */ = {isa = PBXFileReference; explicitFileType = wrapper.framework; includeInIndex = 0; path = Pods_HappySnappSwiftUI.framework; sourceTree = BUILT_PRODUCTS_DIR; };
		98106F302534494100EDB106 /* Onboarding.swift */ = {isa = PBXFileReference; lastKnownFileType = sourcecode.swift; path = Onboarding.swift; sourceTree = "<group>"; };
		98106F332534586E00EDB106 /* OnboardingCardView.swift */ = {isa = PBXFileReference; lastKnownFileType = sourcecode.swift; path = OnboardingCardView.swift; sourceTree = "<group>"; };
		98106F37253459D200EDB106 /* StartButtonView.swift */ = {isa = PBXFileReference; fileEncoding = 4; lastKnownFileType = sourcecode.swift; path = StartButtonView.swift; sourceTree = "<group>"; };
		986A813E252F8B61005CBF04 /* SettingsRowView.swift */ = {isa = PBXFileReference; fileEncoding = 4; lastKnownFileType = sourcecode.swift; path = SettingsRowView.swift; sourceTree = "<group>"; };
		986A8141252F8CEA005CBF04 /* SettingsLabelView.swift */ = {isa = PBXFileReference; fileEncoding = 4; lastKnownFileType = sourcecode.swift; path = SettingsLabelView.swift; sourceTree = "<group>"; };
		986A817E25311A8D005CBF04 /* ActivityView.swift */ = {isa = PBXFileReference; lastKnownFileType = sourcecode.swift; path = ActivityView.swift; sourceTree = "<group>"; };
		986E765025689C49008531E8 /* MyImageView.swift */ = {isa = PBXFileReference; lastKnownFileType = sourcecode.swift; path = MyImageView.swift; sourceTree = "<group>"; };
		9888118C2553498000F14099 /* GoogleService-Info.plist */ = {isa = PBXFileReference; fileEncoding = 4; lastKnownFileType = text.plist.xml; path = "GoogleService-Info.plist"; sourceTree = "<group>"; };
		988DCF8A252CEE73003F6766 /* HappySnappSwiftUI.app */ = {isa = PBXFileReference; explicitFileType = wrapper.application; includeInIndex = 0; path = HappySnappSwiftUI.app; sourceTree = BUILT_PRODUCTS_DIR; };
		988DCF8D252CEE73003F6766 /* HappySnappSwiftUIApp.swift */ = {isa = PBXFileReference; lastKnownFileType = sourcecode.swift; path = HappySnappSwiftUIApp.swift; sourceTree = "<group>"; };
		988DCF91252CEE74003F6766 /* Assets.xcassets */ = {isa = PBXFileReference; lastKnownFileType = folder.assetcatalog; path = Assets.xcassets; sourceTree = "<group>"; };
		988DCF94252CEE74003F6766 /* Preview Assets.xcassets */ = {isa = PBXFileReference; lastKnownFileType = folder.assetcatalog; path = "Preview Assets.xcassets"; sourceTree = "<group>"; };
		988DCF96252CEE74003F6766 /* Info.plist */ = {isa = PBXFileReference; lastKnownFileType = text.plist.xml; path = Info.plist; sourceTree = "<group>"; };
		988DCF9E252D0E30003F6766 /* HappySnappSwiftUI.entitlements */ = {isa = PBXFileReference; lastKnownFileType = text.plist.entitlements; path = HappySnappSwiftUI.entitlements; sourceTree = "<group>"; };
		988DCF9F252D0EB1003F6766 /* BPchildfatty.ttf */ = {isa = PBXFileReference; lastKnownFileType = file; path = BPchildfatty.ttf; sourceTree = "<group>"; };
		988DCFC3252D1354003F6766 /* AppDelegate+Injection.swift */ = {isa = PBXFileReference; fileEncoding = 4; lastKnownFileType = sourcecode.swift; path = "AppDelegate+Injection.swift"; sourceTree = "<group>"; };
		988DCFC4252D1354003F6766 /* AppDelegate.swift */ = {isa = PBXFileReference; fileEncoding = 4; lastKnownFileType = sourcecode.swift; path = AppDelegate.swift; sourceTree = "<group>"; };
		988DCFCD252D15BB003F6766 /* AuthenticationService.swift */ = {isa = PBXFileReference; fileEncoding = 4; lastKnownFileType = sourcecode.swift; path = AuthenticationService.swift; sourceTree = "<group>"; };
		988DCFCF252D15BB003F6766 /* FavouritesView.swift */ = {isa = PBXFileReference; fileEncoding = 4; lastKnownFileType = sourcecode.swift; path = FavouritesView.swift; sourceTree = "<group>"; };
		988DCFD0252D15BB003F6766 /* SettingsView.swift */ = {isa = PBXFileReference; fileEncoding = 4; lastKnownFileType = sourcecode.swift; path = SettingsView.swift; sourceTree = "<group>"; };
		988DCFD1252D15BB003F6766 /* FooterView.swift */ = {isa = PBXFileReference; fileEncoding = 4; lastKnownFileType = sourcecode.swift; path = FooterView.swift; sourceTree = "<group>"; };
		988DCFD2252D15BB003F6766 /* SignInWithAppleButton.swift */ = {isa = PBXFileReference; fileEncoding = 4; lastKnownFileType = sourcecode.swift; path = SignInWithAppleButton.swift; sourceTree = "<group>"; };
		988DCFD3252D15BB003F6766 /* EmptyFavouritesListView.swift */ = {isa = PBXFileReference; fileEncoding = 4; lastKnownFileType = sourcecode.swift; path = EmptyFavouritesListView.swift; sourceTree = "<group>"; };
		988DCFD4252D15BB003F6766 /* SignInView.swift */ = {isa = PBXFileReference; fileEncoding = 4; lastKnownFileType = sourcecode.swift; path = SignInView.swift; sourceTree = "<group>"; };
		988DCFD5252D15BB003F6766 /* HeaderView.swift */ = {isa = PBXFileReference; fileEncoding = 4; lastKnownFileType = sourcecode.swift; path = HeaderView.swift; sourceTree = "<group>"; };
		988DCFD6252D15BB003F6766 /* SwipeView.swift */ = {isa = PBXFileReference; fileEncoding = 4; lastKnownFileType = sourcecode.swift; path = SwipeView.swift; sourceTree = "<group>"; };
		988DCFD7252D15BB003F6766 /* WebView.swift */ = {isa = PBXFileReference; fileEncoding = 4; lastKnownFileType = sourcecode.swift; path = WebView.swift; sourceTree = "<group>"; };
		988DCFD8252D15BB003F6766 /* AccountView.swift */ = {isa = PBXFileReference; fileEncoding = 4; lastKnownFileType = sourcecode.swift; path = AccountView.swift; sourceTree = "<group>"; };
		988DCFD9252D15BB003F6766 /* ArtistPageView.swift */ = {isa = PBXFileReference; fileEncoding = 4; lastKnownFileType = sourcecode.swift; path = ArtistPageView.swift; sourceTree = "<group>"; };
		988DCFDA252D15BB003F6766 /* SwipeCardView.swift */ = {isa = PBXFileReference; fileEncoding = 4; lastKnownFileType = sourcecode.swift; path = SwipeCardView.swift; sourceTree = "<group>"; };
		988DCFDB252D15BB003F6766 /* FavCardView.swift */ = {isa = PBXFileReference; fileEncoding = 4; lastKnownFileType = sourcecode.swift; path = FavCardView.swift; sourceTree = "<group>"; };
		988DCFDC252D15BB003F6766 /* MasterView.swift */ = {isa = PBXFileReference; fileEncoding = 4; lastKnownFileType = sourcecode.swift; path = MasterView.swift; sourceTree = "<group>"; };
		988DCFDD252D15BB003F6766 /* OnboardingView.swift */ = {isa = PBXFileReference; fileEncoding = 4; lastKnownFileType = sourcecode.swift; path = OnboardingView.swift; sourceTree = "<group>"; };
		988DCFDE252D15BB003F6766 /* CalibrateView.swift */ = {isa = PBXFileReference; fileEncoding = 4; lastKnownFileType = sourcecode.swift; path = CalibrateView.swift; sourceTree = "<group>"; };
		988DCFE0252D15BB003F6766 /* EnvironmentKeys.swift */ = {isa = PBXFileReference; fileEncoding = 4; lastKnownFileType = sourcecode.swift; path = EnvironmentKeys.swift; sourceTree = "<group>"; };
		988DCFE1252D15BB003F6766 /* Publisher+Assign.swift */ = {isa = PBXFileReference; fileEncoding = 4; lastKnownFileType = sourcecode.swift; path = "Publisher+Assign.swift"; sourceTree = "<group>"; };
		988DCFE3252D15BB003F6766 /* Picture.swift */ = {isa = PBXFileReference; fileEncoding = 4; lastKnownFileType = sourcecode.swift; path = Picture.swift; sourceTree = "<group>"; };
		988DCFE4252D15BB003F6766 /* Category.swift */ = {isa = PBXFileReference; fileEncoding = 4; lastKnownFileType = sourcecode.swift; path = Category.swift; sourceTree = "<group>"; };
		988DCFE6252D15BB003F6766 /* NetworkManager.swift */ = {isa = PBXFileReference; fileEncoding = 4; lastKnownFileType = sourcecode.swift; path = NetworkManager.swift; sourceTree = "<group>"; };
		988DCFE9252D15BB003F6766 /* FavouritesRepository.swift */ = {isa = PBXFileReference; fileEncoding = 4; lastKnownFileType = sourcecode.swift; path = FavouritesRepository.swift; sourceTree = "<group>"; };
		988DCFEA252D15BB003F6766 /* CategoryRepository.swift */ = {isa = PBXFileReference; fileEncoding = 4; lastKnownFileType = sourcecode.swift; path = CategoryRepository.swift; sourceTree = "<group>"; };
		988DCFEC252D15BB003F6766 /* CategoryListViewModel.swift */ = {isa = PBXFileReference; fileEncoding = 4; lastKnownFileType = sourcecode.swift; path = CategoryListViewModel.swift; sourceTree = "<group>"; };
		988DCFED252D15BB003F6766 /* FavouritesListViewModel.swift */ = {isa = PBXFileReference; fileEncoding = 4; lastKnownFileType = sourcecode.swift; path = FavouritesListViewModel.swift; sourceTree = "<group>"; };
		988DCFEE252D15BB003F6766 /* AccountViewModel.swift */ = {isa = PBXFileReference; fileEncoding = 4; lastKnownFileType = sourcecode.swift; path = AccountViewModel.swift; sourceTree = "<group>"; };
		988DCFEF252D15BB003F6766 /* CategoryCellViewModel.swift */ = {isa = PBXFileReference; fileEncoding = 4; lastKnownFileType = sourcecode.swift; path = CategoryCellViewModel.swift; sourceTree = "<group>"; };
		988DCFF0252D15BB003F6766 /* FavouritesCellViewModel.swift */ = {isa = PBXFileReference; fileEncoding = 4; lastKnownFileType = sourcecode.swift; path = FavouritesCellViewModel.swift; sourceTree = "<group>"; };
		988DCFF2252D15BB003F6766 /* HeaderComponent.swift */ = {isa = PBXFileReference; fileEncoding = 4; lastKnownFileType = sourcecode.swift; path = HeaderComponent.swift; sourceTree = "<group>"; };
		98A9ED4425605A4A003E5FEA /* Privacy.swift */ = {isa = PBXFileReference; lastKnownFileType = sourcecode.swift; path = Privacy.swift; sourceTree = "<group>"; };
		C7929A542AAFDFF17AF1F41F /* Pods-HappySnappSwiftUI.debug.xcconfig */ = {isa = PBXFileReference; includeInIndex = 1; lastKnownFileType = text.xcconfig; name = "Pods-HappySnappSwiftUI.debug.xcconfig"; path = "Target Support Files/Pods-HappySnappSwiftUI/Pods-HappySnappSwiftUI.debug.xcconfig"; sourceTree = "<group>"; };
		E157BE739EFADE2B7D33EAC5 /* Pods-HappySnappSwiftUI.release.xcconfig */ = {isa = PBXFileReference; includeInIndex = 1; lastKnownFileType = text.xcconfig; name = "Pods-HappySnappSwiftUI.release.xcconfig"; path = "Target Support Files/Pods-HappySnappSwiftUI/Pods-HappySnappSwiftUI.release.xcconfig"; sourceTree = "<group>"; };
/* End PBXFileReference section */

/* Begin PBXFrameworksBuildPhase section */
		988DCF87252CEE73003F6766 /* Frameworks */ = {
			isa = PBXFrameworksBuildPhase;
			buildActionMask = 2147483647;
			files = (
				73CF88C21ABD0329664F7CA2 /* Pods_HappySnappSwiftUI.framework in Frameworks */,
			);
			runOnlyForDeploymentPostprocessing = 0;
		};
/* End PBXFrameworksBuildPhase section */

/* Begin PBXGroup section */
		72BCC49329E82524EA1A163A /* Frameworks */ = {
			isa = PBXGroup;
			children = (
				5FF05C283CD6088ED95E5997 /* Pods_HappySnappSwiftUI.framework */,
			);
			name = Frameworks;
			sourceTree = "<group>";
		};
		988DCF81252CEE73003F6766 = {
			isa = PBXGroup;
			children = (
				988DCF8C252CEE73003F6766 /* HappySnappSwiftUI */,
				988DCF8B252CEE73003F6766 /* Products */,
				E4F7A70A299AED653B5BB8E4 /* Pods */,
				72BCC49329E82524EA1A163A /* Frameworks */,
			);
			sourceTree = "<group>";
		};
		988DCF8B252CEE73003F6766 /* Products */ = {
			isa = PBXGroup;
			children = (
				988DCF8A252CEE73003F6766 /* HappySnappSwiftUI.app */,
			);
			name = Products;
			sourceTree = "<group>";
		};
		988DCF8C252CEE73003F6766 /* HappySnappSwiftUI */ = {
			isa = PBXGroup;
			children = (
				988DCFC2252D1354003F6766 /* App */,
				988DCFF1252D15BB003F6766 /* Components */,
				988DCFE2252D15BB003F6766 /* Models */,
				988DCFE5252D15BB003F6766 /* Networking */,
				988DCFE8252D15BB003F6766 /* Repositories */,
				988DCFCC252D15BB003F6766 /* Services */,
				988DCFDF252D15BB003F6766 /* Utilities */,
				988DCFEB252D15BB003F6766 /* ViewModels */,
				988DCFCE252D15BB003F6766 /* Views */,
				988DCF9E252D0E30003F6766 /* HappySnappSwiftUI.entitlements */,
				988DCF91252CEE74003F6766 /* Assets.xcassets */,
				988DCF9F252D0EB1003F6766 /* BPchildfatty.ttf */,
				988DCF96252CEE74003F6766 /* Info.plist */,
				9888118C2553498000F14099 /* GoogleService-Info.plist */,
				988DCF93252CEE74003F6766 /* Preview Content */,
			);
			path = HappySnappSwiftUI;
			sourceTree = "<group>";
		};
		988DCF93252CEE74003F6766 /* Preview Content */ = {
			isa = PBXGroup;
			children = (
				988DCF94252CEE74003F6766 /* Preview Assets.xcassets */,
			);
			path = "Preview Content";
			sourceTree = "<group>";
		};
		988DCFC2252D1354003F6766 /* App */ = {
			isa = PBXGroup;
			children = (
				988DCF8D252CEE73003F6766 /* HappySnappSwiftUIApp.swift */,
				988DCFC3252D1354003F6766 /* AppDelegate+Injection.swift */,
				988DCFC4252D1354003F6766 /* AppDelegate.swift */,
			);
			path = App;
			sourceTree = "<group>";
		};
		988DCFCC252D15BB003F6766 /* Services */ = {
			isa = PBXGroup;
			children = (
				988DCFCD252D15BB003F6766 /* AuthenticationService.swift */,
			);
			path = Services;
			sourceTree = "<group>";
		};
		988DCFCE252D15BB003F6766 /* Views */ = {
			isa = PBXGroup;
			children = (
				988DCFDC252D15BB003F6766 /* MasterView.swift */,
				988DCFDE252D15BB003F6766 /* CalibrateView.swift */,
				988DCFD6252D15BB003F6766 /* SwipeView.swift */,
				988DCFDA252D15BB003F6766 /* SwipeCardView.swift */,
				988DCFCF252D15BB003F6766 /* FavouritesView.swift */,
				988DCFDB252D15BB003F6766 /* FavCardView.swift */,
				988DCFDD252D15BB003F6766 /* OnboardingView.swift */,
				98106F332534586E00EDB106 /* OnboardingCardView.swift */,
				98106F37253459D200EDB106 /* StartButtonView.swift */,
				988DCFD0252D15BB003F6766 /* SettingsView.swift */,
				988DCFD1252D15BB003F6766 /* FooterView.swift */,
				988DCFD2252D15BB003F6766 /* SignInWithAppleButton.swift */,
				988DCFD3252D15BB003F6766 /* EmptyFavouritesListView.swift */,
				988DCFD4252D15BB003F6766 /* SignInView.swift */,
				988DCFD5252D15BB003F6766 /* HeaderView.swift */,
				988DCFD7252D15BB003F6766 /* WebView.swift */,
				988DCFD8252D15BB003F6766 /* AccountView.swift */,
				988DCFD9252D15BB003F6766 /* ArtistPageView.swift */,
				986A813E252F8B61005CBF04 /* SettingsRowView.swift */,
				986A8141252F8CEA005CBF04 /* SettingsLabelView.swift */,
				986A817E25311A8D005CBF04 /* ActivityView.swift */,
				986E765025689C49008531E8 /* MyImageView.swift */,
			);
			path = Views;
			sourceTree = "<group>";
		};
		988DCFDF252D15BB003F6766 /* Utilities */ = {
			isa = PBXGroup;
			children = (
				988DCFE0252D15BB003F6766 /* EnvironmentKeys.swift */,
				988DCFE1252D15BB003F6766 /* Publisher+Assign.swift */,
			);
			path = Utilities;
			sourceTree = "<group>";
		};
		988DCFE2252D15BB003F6766 /* Models */ = {
			isa = PBXGroup;
			children = (
				988DCFE3252D15BB003F6766 /* Picture.swift */,
				988DCFE4252D15BB003F6766 /* Category.swift */,
				98106F302534494100EDB106 /* Onboarding.swift */,
				98A9ED4425605A4A003E5FEA /* Privacy.swift */,
			);
			path = Models;
			sourceTree = "<group>";
		};
		988DCFE5252D15BB003F6766 /* Networking */ = {
			isa = PBXGroup;
			children = (
				988DCFE6252D15BB003F6766 /* NetworkManager.swift */,
			);
			path = Networking;
			sourceTree = "<group>";
		};
		988DCFE8252D15BB003F6766 /* Repositories */ = {
			isa = PBXGroup;
			children = (
				988DCFE9252D15BB003F6766 /* FavouritesRepository.swift */,
				988DCFEA252D15BB003F6766 /* CategoryRepository.swift */,
			);
			path = Repositories;
			sourceTree = "<group>";
		};
		988DCFEB252D15BB003F6766 /* ViewModels */ = {
			isa = PBXGroup;
			children = (
				988DCFEC252D15BB003F6766 /* CategoryListViewModel.swift */,
				988DCFED252D15BB003F6766 /* FavouritesListViewModel.swift */,
				988DCFEE252D15BB003F6766 /* AccountViewModel.swift */,
				988DCFEF252D15BB003F6766 /* CategoryCellViewModel.swift */,
				988DCFF0252D15BB003F6766 /* FavouritesCellViewModel.swift */,
			);
			path = ViewModels;
			sourceTree = "<group>";
		};
		988DCFF1252D15BB003F6766 /* Components */ = {
			isa = PBXGroup;
			children = (
				988DCFF2252D15BB003F6766 /* HeaderComponent.swift */,
			);
			path = Components;
			sourceTree = "<group>";
		};
		E4F7A70A299AED653B5BB8E4 /* Pods */ = {
			isa = PBXGroup;
			children = (
				C7929A542AAFDFF17AF1F41F /* Pods-HappySnappSwiftUI.debug.xcconfig */,
				E157BE739EFADE2B7D33EAC5 /* Pods-HappySnappSwiftUI.release.xcconfig */,
			);
			path = Pods;
			sourceTree = "<group>";
		};
/* End PBXGroup section */

/* Begin PBXNativeTarget section */
		988DCF89252CEE73003F6766 /* HappySnappSwiftUI */ = {
			isa = PBXNativeTarget;
			buildConfigurationList = 988DCF99252CEE74003F6766 /* Build configuration list for PBXNativeTarget "HappySnappSwiftUI" */;
			buildPhases = (
				4438BAF5ADDABEA459DD2438 /* [CP] Check Pods Manifest.lock */,
				0E0C92297541E0E16CFA919C /* [CP] Prepare Artifacts */,
				988DCF86252CEE73003F6766 /* Sources */,
				988DCF87252CEE73003F6766 /* Frameworks */,
				988DCF88252CEE73003F6766 /* Resources */,
				67E6115D64E33FB3B760053E /* [CP] Embed Pods Frameworks */,
				98106F792535F56F00EDB106 /* Embed Watch Content */,
			);
			buildRules = (
			);
			dependencies = (
			);
			name = HappySnappSwiftUI;
			productName = HappySnappSwiftUI;
			productReference = 988DCF8A252CEE73003F6766 /* HappySnappSwiftUI.app */;
			productType = "com.apple.product-type.application";
		};
/* End PBXNativeTarget section */

/* Begin PBXProject section */
		988DCF82252CEE73003F6766 /* Project object */ = {
			isa = PBXProject;
			attributes = {
				LastSwiftUpdateCheck = 1200;
				LastUpgradeCheck = 1200;
				TargetAttributes = {
					988DCF89252CEE73003F6766 = {
						CreatedOnToolsVersion = 12.0;
					};
				};
			};
			buildConfigurationList = 988DCF85252CEE73003F6766 /* Build configuration list for PBXProject "HappySnappSwiftUI" */;
			compatibilityVersion = "Xcode 9.3";
			developmentRegion = en;
			hasScannedForEncodings = 0;
			knownRegions = (
				en,
				Base,
			);
			mainGroup = 988DCF81252CEE73003F6766;
			productRefGroup = 988DCF8B252CEE73003F6766 /* Products */;
			projectDirPath = "";
			projectRoot = "";
			targets = (
				988DCF89252CEE73003F6766 /* HappySnappSwiftUI */,
			);
		};
/* End PBXProject section */

/* Begin PBXResourcesBuildPhase section */
		988DCF88252CEE73003F6766 /* Resources */ = {
			isa = PBXResourcesBuildPhase;
			buildActionMask = 2147483647;
			files = (
				988DCF95252CEE74003F6766 /* Preview Assets.xcassets in Resources */,
				988DCFA0252D0EB1003F6766 /* BPchildfatty.ttf in Resources */,
				988DCF92252CEE74003F6766 /* Assets.xcassets in Resources */,
				9888118D2553498000F14099 /* GoogleService-Info.plist in Resources */,
			);
			runOnlyForDeploymentPostprocessing = 0;
		};
/* End PBXResourcesBuildPhase section */

/* Begin PBXShellScriptBuildPhase section */
		0E0C92297541E0E16CFA919C /* [CP] Prepare Artifacts */ = {
			isa = PBXShellScriptBuildPhase;
			buildActionMask = 2147483647;
			files = (
			);
			inputFileListPaths = (
				"${PODS_ROOT}/Target Support Files/Pods-HappySnappSwiftUI/Pods-HappySnappSwiftUI-artifacts-${CONFIGURATION}-input-files.xcfilelist",
			);
			name = "[CP] Prepare Artifacts";
			outputFileListPaths = (
				"${PODS_ROOT}/Target Support Files/Pods-HappySnappSwiftUI/Pods-HappySnappSwiftUI-artifacts-${CONFIGURATION}-output-files.xcfilelist",
			);
			runOnlyForDeploymentPostprocessing = 0;
			shellPath = /bin/sh;
			shellScript = "\"${PODS_ROOT}/Target Support Files/Pods-HappySnappSwiftUI/Pods-HappySnappSwiftUI-artifacts.sh\"\n";
			showEnvVarsInLog = 0;
		};
		4438BAF5ADDABEA459DD2438 /* [CP] Check Pods Manifest.lock */ = {
			isa = PBXShellScriptBuildPhase;
			buildActionMask = 2147483647;
			files = (
			);
			inputFileListPaths = (
			);
			inputPaths = (
				"${PODS_PODFILE_DIR_PATH}/Podfile.lock",
				"${PODS_ROOT}/Manifest.lock",
			);
			name = "[CP] Check Pods Manifest.lock";
			outputFileListPaths = (
			);
			outputPaths = (
				"$(DERIVED_FILE_DIR)/Pods-HappySnappSwiftUI-checkManifestLockResult.txt",
			);
			runOnlyForDeploymentPostprocessing = 0;
			shellPath = /bin/sh;
			shellScript = "diff \"${PODS_PODFILE_DIR_PATH}/Podfile.lock\" \"${PODS_ROOT}/Manifest.lock\" > /dev/null\nif [ $? != 0 ] ; then\n    # print error to STDERR\n    echo \"error: The sandbox is not in sync with the Podfile.lock. Run 'pod install' or update your CocoaPods installation.\" >&2\n    exit 1\nfi\n# This output is used by Xcode 'outputs' to avoid re-running this script phase.\necho \"SUCCESS\" > \"${SCRIPT_OUTPUT_FILE_0}\"\n";
			showEnvVarsInLog = 0;
		};
		67E6115D64E33FB3B760053E /* [CP] Embed Pods Frameworks */ = {
			isa = PBXShellScriptBuildPhase;
			buildActionMask = 2147483647;
			files = (
			);
			inputFileListPaths = (
				"${PODS_ROOT}/Target Support Files/Pods-HappySnappSwiftUI/Pods-HappySnappSwiftUI-frameworks-${CONFIGURATION}-input-files.xcfilelist",
			);
			name = "[CP] Embed Pods Frameworks";
			outputFileListPaths = (
				"${PODS_ROOT}/Target Support Files/Pods-HappySnappSwiftUI/Pods-HappySnappSwiftUI-frameworks-${CONFIGURATION}-output-files.xcfilelist",
			);
			runOnlyForDeploymentPostprocessing = 0;
			shellPath = /bin/sh;
			shellScript = "\"${PODS_ROOT}/Target Support Files/Pods-HappySnappSwiftUI/Pods-HappySnappSwiftUI-frameworks.sh\"\n";
			showEnvVarsInLog = 0;
		};
/* End PBXShellScriptBuildPhase section */

/* Begin PBXSourcesBuildPhase section */
		988DCF86252CEE73003F6766 /* Sources */ = {
			isa = PBXSourcesBuildPhase;
			buildActionMask = 2147483647;
			files = (
				988DCFFF252D15BB003F6766 /* SwipeCardView.swift in Sources */,
				988DD004252D15BB003F6766 /* EnvironmentKeys.swift in Sources */,
				988DCFF5252D15BB003F6766 /* SettingsView.swift in Sources */,
				988DD00D252D15BB003F6766 /* FavouritesListViewModel.swift in Sources */,
				988DD001252D15BB003F6766 /* MasterView.swift in Sources */,
				988DCFC7252D1354003F6766 /* AppDelegate.swift in Sources */,
				986A8142252F8CEA005CBF04 /* SettingsLabelView.swift in Sources */,
				988DD00A252D15BB003F6766 /* FavouritesRepository.swift in Sources */,
				988DCFC6252D1354003F6766 /* AppDelegate+Injection.swift in Sources */,
				986A813F252F8B61005CBF04 /* SettingsRowView.swift in Sources */,
				988DD010252D15BB003F6766 /* FavouritesCellViewModel.swift in Sources */,
				988DCFF8252D15BB003F6766 /* EmptyFavouritesListView.swift in Sources */,
				98106F38253459D200EDB106 /* StartButtonView.swift in Sources */,
				988DD00E252D15BB003F6766 /* AccountViewModel.swift in Sources */,
				988DCF8E252CEE73003F6766 /* HappySnappSwiftUIApp.swift in Sources */,
				986E765125689C49008531E8 /* MyImageView.swift in Sources */,
				988DCFF6252D15BB003F6766 /* FooterView.swift in Sources */,
				988DD00F252D15BB003F6766 /* CategoryCellViewModel.swift in Sources */,
				988DD011252D15BB003F6766 /* HeaderComponent.swift in Sources */,
				988DCFFA252D15BB003F6766 /* HeaderView.swift in Sources */,
				988DCFF4252D15BB003F6766 /* FavouritesView.swift in Sources */,
				98106F312534494100EDB106 /* Onboarding.swift in Sources */,
				988DD00C252D15BB003F6766 /* CategoryListViewModel.swift in Sources */,
				98A9ED4525605A4A003E5FEA /* Privacy.swift in Sources */,
				988DD006252D15BB003F6766 /* Picture.swift in Sources */,
				988DCFFD252D15BB003F6766 /* AccountView.swift in Sources */,
				988DCFFB252D15BB003F6766 /* SwipeView.swift in Sources */,
				988DD002252D15BB003F6766 /* OnboardingView.swift in Sources */,
				988DD008252D15BB003F6766 /* NetworkManager.swift in Sources */,
				988DD007252D15BB003F6766 /* Category.swift in Sources */,
				988DCFF7252D15BB003F6766 /* SignInWithAppleButton.swift in Sources */,
				988DCFF9252D15BB003F6766 /* SignInView.swift in Sources */,
				988DD003252D15BB003F6766 /* CalibrateView.swift in Sources */,
				986A817F25311A8D005CBF04 /* ActivityView.swift in Sources */,
				988DD000252D15BB003F6766 /* FavCardView.swift in Sources */,
				988DCFF3252D15BB003F6766 /* AuthenticationService.swift in Sources */,
				98106F342534586E00EDB106 /* OnboardingCardView.swift in Sources */,
				988DD00B252D15BB003F6766 /* CategoryRepository.swift in Sources */,
				988DD005252D15BB003F6766 /* Publisher+Assign.swift in Sources */,
				988DCFFE252D15BB003F6766 /* ArtistPageView.swift in Sources */,
				988DCFFC252D15BB003F6766 /* WebView.swift in Sources */,
			);
			runOnlyForDeploymentPostprocessing = 0;
		};
/* End PBXSourcesBuildPhase section */

/* Begin XCBuildConfiguration section */
		988DCF97252CEE74003F6766 /* Debug */ = {
			isa = XCBuildConfiguration;
			buildSettings = {
				ALWAYS_SEARCH_USER_PATHS = NO;
				CLANG_ANALYZER_NONNULL = YES;
				CLANG_ANALYZER_NUMBER_OBJECT_CONVERSION = YES_AGGRESSIVE;
				CLANG_CXX_LANGUAGE_STANDARD = "gnu++14";
				CLANG_CXX_LIBRARY = "libc++";
				CLANG_ENABLE_MODULES = YES;
				CLANG_ENABLE_OBJC_ARC = YES;
				CLANG_ENABLE_OBJC_WEAK = YES;
				CLANG_WARN_BLOCK_CAPTURE_AUTORELEASING = YES;
				CLANG_WARN_BOOL_CONVERSION = YES;
				CLANG_WARN_COMMA = YES;
				CLANG_WARN_CONSTANT_CONVERSION = YES;
				CLANG_WARN_DEPRECATED_OBJC_IMPLEMENTATIONS = YES;
				CLANG_WARN_DIRECT_OBJC_ISA_USAGE = YES_ERROR;
				CLANG_WARN_DOCUMENTATION_COMMENTS = YES;
				CLANG_WARN_EMPTY_BODY = YES;
				CLANG_WARN_ENUM_CONVERSION = YES;
				CLANG_WARN_INFINITE_RECURSION = YES;
				CLANG_WARN_INT_CONVERSION = YES;
				CLANG_WARN_NON_LITERAL_NULL_CONVERSION = YES;
				CLANG_WARN_OBJC_IMPLICIT_RETAIN_SELF = YES;
				CLANG_WARN_OBJC_LITERAL_CONVERSION = YES;
				CLANG_WARN_OBJC_ROOT_CLASS = YES_ERROR;
				CLANG_WARN_QUOTED_INCLUDE_IN_FRAMEWORK_HEADER = YES;
				CLANG_WARN_RANGE_LOOP_ANALYSIS = YES;
				CLANG_WARN_STRICT_PROTOTYPES = YES;
				CLANG_WARN_SUSPICIOUS_MOVE = YES;
				CLANG_WARN_UNGUARDED_AVAILABILITY = YES_AGGRESSIVE;
				CLANG_WARN_UNREACHABLE_CODE = YES;
				CLANG_WARN__DUPLICATE_METHOD_MATCH = YES;
				COPY_PHASE_STRIP = NO;
				DEBUG_INFORMATION_FORMAT = dwarf;
				ENABLE_STRICT_OBJC_MSGSEND = YES;
				ENABLE_TESTABILITY = YES;
				GCC_C_LANGUAGE_STANDARD = gnu11;
				GCC_DYNAMIC_NO_PIC = NO;
				GCC_NO_COMMON_BLOCKS = YES;
				GCC_OPTIMIZATION_LEVEL = 0;
				GCC_PREPROCESSOR_DEFINITIONS = (
					"DEBUG=1",
					"$(inherited)",
				);
				GCC_WARN_64_TO_32_BIT_CONVERSION = YES;
				GCC_WARN_ABOUT_RETURN_TYPE = YES_ERROR;
				GCC_WARN_UNDECLARED_SELECTOR = YES;
				GCC_WARN_UNINITIALIZED_AUTOS = YES_AGGRESSIVE;
				GCC_WARN_UNUSED_FUNCTION = YES;
				GCC_WARN_UNUSED_VARIABLE = YES;
				IPHONEOS_DEPLOYMENT_TARGET = 14.0;
				MTL_ENABLE_DEBUG_INFO = INCLUDE_SOURCE;
				MTL_FAST_MATH = YES;
				ONLY_ACTIVE_ARCH = YES;
				SDKROOT = iphoneos;
				SWIFT_ACTIVE_COMPILATION_CONDITIONS = DEBUG;
				SWIFT_OPTIMIZATION_LEVEL = "-Onone";
			};
			name = Debug;
		};
		988DCF98252CEE74003F6766 /* Release */ = {
			isa = XCBuildConfiguration;
			buildSettings = {
				ALWAYS_SEARCH_USER_PATHS = NO;
				CLANG_ANALYZER_NONNULL = YES;
				CLANG_ANALYZER_NUMBER_OBJECT_CONVERSION = YES_AGGRESSIVE;
				CLANG_CXX_LANGUAGE_STANDARD = "gnu++14";
				CLANG_CXX_LIBRARY = "libc++";
				CLANG_ENABLE_MODULES = YES;
				CLANG_ENABLE_OBJC_ARC = YES;
				CLANG_ENABLE_OBJC_WEAK = YES;
				CLANG_WARN_BLOCK_CAPTURE_AUTORELEASING = YES;
				CLANG_WARN_BOOL_CONVERSION = YES;
				CLANG_WARN_COMMA = YES;
				CLANG_WARN_CONSTANT_CONVERSION = YES;
				CLANG_WARN_DEPRECATED_OBJC_IMPLEMENTATIONS = YES;
				CLANG_WARN_DIRECT_OBJC_ISA_USAGE = YES_ERROR;
				CLANG_WARN_DOCUMENTATION_COMMENTS = YES;
				CLANG_WARN_EMPTY_BODY = YES;
				CLANG_WARN_ENUM_CONVERSION = YES;
				CLANG_WARN_INFINITE_RECURSION = YES;
				CLANG_WARN_INT_CONVERSION = YES;
				CLANG_WARN_NON_LITERAL_NULL_CONVERSION = YES;
				CLANG_WARN_OBJC_IMPLICIT_RETAIN_SELF = YES;
				CLANG_WARN_OBJC_LITERAL_CONVERSION = YES;
				CLANG_WARN_OBJC_ROOT_CLASS = YES_ERROR;
				CLANG_WARN_QUOTED_INCLUDE_IN_FRAMEWORK_HEADER = YES;
				CLANG_WARN_RANGE_LOOP_ANALYSIS = YES;
				CLANG_WARN_STRICT_PROTOTYPES = YES;
				CLANG_WARN_SUSPICIOUS_MOVE = YES;
				CLANG_WARN_UNGUARDED_AVAILABILITY = YES_AGGRESSIVE;
				CLANG_WARN_UNREACHABLE_CODE = YES;
				CLANG_WARN__DUPLICATE_METHOD_MATCH = YES;
				COPY_PHASE_STRIP = NO;
				DEBUG_INFORMATION_FORMAT = "dwarf-with-dsym";
				ENABLE_NS_ASSERTIONS = NO;
				ENABLE_STRICT_OBJC_MSGSEND = YES;
				GCC_C_LANGUAGE_STANDARD = gnu11;
				GCC_NO_COMMON_BLOCKS = YES;
				GCC_WARN_64_TO_32_BIT_CONVERSION = YES;
				GCC_WARN_ABOUT_RETURN_TYPE = YES_ERROR;
				GCC_WARN_UNDECLARED_SELECTOR = YES;
				GCC_WARN_UNINITIALIZED_AUTOS = YES_AGGRESSIVE;
				GCC_WARN_UNUSED_FUNCTION = YES;
				GCC_WARN_UNUSED_VARIABLE = YES;
				IPHONEOS_DEPLOYMENT_TARGET = 14.0;
				MTL_ENABLE_DEBUG_INFO = NO;
				MTL_FAST_MATH = YES;
				SDKROOT = iphoneos;
				SWIFT_COMPILATION_MODE = wholemodule;
				SWIFT_OPTIMIZATION_LEVEL = "-O";
				VALIDATE_PRODUCT = YES;
			};
			name = Release;
		};
		988DCF9A252CEE74003F6766 /* Debug */ = {
			isa = XCBuildConfiguration;
			baseConfigurationReference = C7929A542AAFDFF17AF1F41F /* Pods-HappySnappSwiftUI.debug.xcconfig */;
			buildSettings = {
				ASSETCATALOG_COMPILER_APPICON_NAME = AppIcon;
				ASSETCATALOG_COMPILER_GLOBAL_ACCENT_COLOR_NAME = AccentColor;
				CODE_SIGN_ENTITLEMENTS = HappySnappSwiftUI/HappySnappSwiftUI.entitlements;
				CODE_SIGN_IDENTITY = "Apple Development";
				CODE_SIGN_STYLE = Automatic;
				CURRENT_PROJECT_VERSION = 5;
				DEVELOPMENT_ASSET_PATHS = "\"HappySnappSwiftUI/Preview Content\"";
				DEVELOPMENT_TEAM = 5BCQV4RQW9;
				ENABLE_PREVIEWS = YES;
				INFOPLIST_FILE = HappySnappSwiftUI/Info.plist;
				IPHONEOS_DEPLOYMENT_TARGET = 14.0;
				LD_RUNPATH_SEARCH_PATHS = (
					"$(inherited)",
					"@executable_path/Frameworks",
				);
				MARKETING_VERSION = 1.0;
				PRODUCT_BUNDLE_IDENTIFIER = com.Majikk.HappySnappSwiftUI;
				PRODUCT_NAME = "$(TARGET_NAME)";
				PROVISIONING_PROFILE_SPECIFIER = "";
				SUPPORTS_MACCATALYST = NO;
				SWIFT_VERSION = 5.0;
				TARGETED_DEVICE_FAMILY = "1,2";
			};
			name = Debug;
		};
		988DCF9B252CEE74003F6766 /* Release */ = {
			isa = XCBuildConfiguration;
			baseConfigurationReference = E157BE739EFADE2B7D33EAC5 /* Pods-HappySnappSwiftUI.release.xcconfig */;
			buildSettings = {
				ASSETCATALOG_COMPILER_APPICON_NAME = AppIcon;
				ASSETCATALOG_COMPILER_GLOBAL_ACCENT_COLOR_NAME = AccentColor;
				CODE_SIGN_ENTITLEMENTS = HappySnappSwiftUI/HappySnappSwiftUI.entitlements;
				CODE_SIGN_IDENTITY = "Apple Development";
				CODE_SIGN_STYLE = Automatic;
				CURRENT_PROJECT_VERSION = 5;
				DEVELOPMENT_ASSET_PATHS = "\"HappySnappSwiftUI/Preview Content\"";
				DEVELOPMENT_TEAM = 5BCQV4RQW9;
				ENABLE_PREVIEWS = YES;
				INFOPLIST_FILE = HappySnappSwiftUI/Info.plist;
				IPHONEOS_DEPLOYMENT_TARGET = 14.0;
				LD_RUNPATH_SEARCH_PATHS = (
					"$(inherited)",
					"@executable_path/Frameworks",
				);
				MARKETING_VERSION = 1.0;
				PRODUCT_BUNDLE_IDENTIFIER = com.Majikk.HappySnappSwiftUI;
				PRODUCT_NAME = "$(TARGET_NAME)";
				PROVISIONING_PROFILE_SPECIFIER = "";
				SUPPORTS_MACCATALYST = NO;
				SWIFT_VERSION = 5.0;
				TARGETED_DEVICE_FAMILY = "1,2";
			};
			name = Release;
		};
/* End XCBuildConfiguration section */

/* Begin XCConfigurationList section */
		988DCF85252CEE73003F6766 /* Build configuration list for PBXProject "HappySnappSwiftUI" */ = {
			isa = XCConfigurationList;
			buildConfigurations = (
				988DCF97252CEE74003F6766 /* Debug */,
				988DCF98252CEE74003F6766 /* Release */,
			);
			defaultConfigurationIsVisible = 0;
			defaultConfigurationName = Release;
		};
		988DCF99252CEE74003F6766 /* Build configuration list for PBXNativeTarget "HappySnappSwiftUI" */ = {
			isa = XCConfigurationList;
			buildConfigurations = (
				988DCF9A252CEE74003F6766 /* Debug */,
				988DCF9B252CEE74003F6766 /* Release */,
			);
			defaultConfigurationIsVisible = 0;
			defaultConfigurationName = Release;
		};
/* End XCConfigurationList section */
	};
	rootObject = 988DCF82252CEE73003F6766 /* Project object */;
}
